
Microsoft Visual Studio Solution File, Format Version 12.00
# Visual Studio Version 16
VisualStudioVersion = 16.0.29806.167
MinimumVisualStudioVersion = 10.0.40219.1
Project("{FAE04EC0-301F-11D3-BF4B-00C04F79EFBC}") = "Aula_99", "Aula_99\Aula_99.csproj", "{96C5A121-4A7A-48FE-9ECF-5B85E0EC499A}"
EndProject
Global
	GlobalSection(SolutionConfigurationPlatforms) = preSolution
		Debug|Any CPU = Debug|Any CPU
		Release|Any CPU = Release|Any CPU
	EndGlobalSection
	GlobalSection(ProjectConfigurationPlatforms) = postSolution
		{96C5A121-4A7A-48FE-9ECF-5B85E0EC499A}.Debug|Any CPU.ActiveCfg = Debug|Any CPU
		{96C5A121-4A7A-48FE-9ECF-5B85E0EC499A}.Debug|Any CPU.Build.0 = Debug|Any CPU
		{96C5A121-4A7A-48FE-9ECF-5B85E0EC499A}.Release|Any CPU.ActiveCfg = Release|Any CPU
		{96C5A121-4A7A-48FE-9ECF-5B85E0EC499A}.Release|Any CPU.Build.0 = Release|Any CPU
	EndGlobalSection
	GlobalSection(SolutionProperties) = preSolution
		HideSolutionNode = FALSE
	EndGlobalSection
	GlobalSection(ExtensibilityGlobals) = postSolution
		SolutionGuid = {239A43B3-B8CA-4FDE-8F31-EEC7462EAE8E}
	EndGlobalSection
EndGlobal
